
Microsoft Visual Studio Solution File, Format Version 12.00
# Visual Studio Version 17
VisualStudioVersion = 17.11.35327.3
MinimumVisualStudioVersion = 10.0.40219.1
Project("{FAE04EC0-301F-11D3-BF4B-00C04F79EFBC}") = "Lab 4", "Lab 4\Lab 4.csproj", "{D89BBF46-CBE5-4A91-97A5-BF33ECAB8873}"
EndProject
Global
	GlobalSection(SolutionConfigurationPlatforms) = preSolution
		Debug|Any CPU = Debug|Any CPU
		Release|Any CPU = Release|Any CPU
	EndGlobalSection
	GlobalSection(ProjectConfigurationPlatforms) = postSolution
		{D89BBF46-CBE5-4A91-97A5-BF33ECAB8873}.Debug|Any CPU.ActiveCfg = Debug|Any CPU
		{D89BBF46-CBE5-4A91-97A5-BF33ECAB8873}.Debug|Any CPU.Build.0 = Debug|Any CPU
		{D89BBF46-CBE5-4A91-97A5-BF33ECAB8873}.Release|Any CPU.ActiveCfg = Release|Any CPU
		{D89BBF46-CBE5-4A91-97A5-BF33ECAB8873}.Release|Any CPU.Build.0 = Release|Any CPU
	EndGlobalSection
	GlobalSection(SolutionProperties) = preSolution
		HideSolutionNode = FALSE
	EndGlobalSection
	GlobalSection(ExtensibilityGlobals) = postSolution
		SolutionGuid = {E5BABAB9-064C-462D-8276-0D032580033C}
	EndGlobalSection
EndGlobal
